// !$*UTF8*$!
{
	archiveVersion = 1;
	classes = {
	};
	objectVersion = 56;
	objects = {

/* Begin PBXBuildFile section */
		4B3086D62A76D933001298EF /* URLSessionHTTPClientTests.swift in Sources */ = {isa = PBXBuildFile; fileRef = 4B3086D52A76D933001298EF /* URLSessionHTTPClientTests.swift */; };
		4B4C8FE629EB1B27005E4F68 /* EssentialFeed.docc in Sources */ = {isa = PBXBuildFile; fileRef = 4B4C8FE529EB1B27005E4F68 /* EssentialFeed.docc */; };
		4B4C8FEC29EB1B28005E4F68 /* EssentialFeed.framework in Frameworks */ = {isa = PBXBuildFile; fileRef = 4B4C8FE129EB1B27005E4F68 /* EssentialFeed.framework */; };
		4B4C8FF229EB1B28005E4F68 /* EssentialFeed.h in Headers */ = {isa = PBXBuildFile; fileRef = 4B4C8FE429EB1B27005E4F68 /* EssentialFeed.h */; settings = {ATTRIBUTES = (Public, ); }; };
		4B4C8FFC29EB1B7F005E4F68 /* FeedItem.swift in Sources */ = {isa = PBXBuildFile; fileRef = 4B4C8FFB29EB1B7F005E4F68 /* FeedItem.swift */; };
		4B4C8FFE29EB26AB005E4F68 /* FeedLoader.swift in Sources */ = {isa = PBXBuildFile; fileRef = 4B4C8FFD29EB26AB005E4F68 /* FeedLoader.swift */; };
		4B4C900329F6C7DE005E4F68 /* RemoteFeedLoaderTests.swift in Sources */ = {isa = PBXBuildFile; fileRef = 4B4C900229F6C7DE005E4F68 /* RemoteFeedLoaderTests.swift */; };
		4B4C900629FC10F9005E4F68 /* RemoteFeedLoader.swift in Sources */ = {isa = PBXBuildFile; fileRef = 4B4C900529FC10F9005E4F68 /* RemoteFeedLoader.swift */; };
		4B6A448A2A851DF400A2E1BD /* XCTTestCase+MemoryLeakTracking.swift in Sources */ = {isa = PBXBuildFile; fileRef = 4B6A44892A851DF400A2E1BD /* XCTTestCase+MemoryLeakTracking.swift */; };
		4BCC54992A3367E9004924E9 /* HTTPClient.swift in Sources */ = {isa = PBXBuildFile; fileRef = 4BCC54982A3367E9004924E9 /* HTTPClient.swift */; };
		4BCC549B2A336853004924E9 /* FeedItemsMapper.swift in Sources */ = {isa = PBXBuildFile; fileRef = 4BCC549A2A336853004924E9 /* FeedItemsMapper.swift */; };
/* End PBXBuildFile section */

/* Begin PBXContainerItemProxy section */
		4B4C8FED29EB1B28005E4F68 /* PBXContainerItemProxy */ = {
			isa = PBXContainerItemProxy;
			containerPortal = 4B4C8FD829EB1B27005E4F68 /* Project object */;
			proxyType = 1;
			remoteGlobalIDString = 4B4C8FE029EB1B27005E4F68;
			remoteInfo = EssentialFeed;
		};
/* End PBXContainerItemProxy section */

/* Begin PBXFileReference section */
		4B3086D52A76D933001298EF /* URLSessionHTTPClientTests.swift */ = {isa = PBXFileReference; lastKnownFileType = sourcecode.swift; path = URLSessionHTTPClientTests.swift; sourceTree = "<group>"; };
		4B4C8FE129EB1B27005E4F68 /* EssentialFeed.framework */ = {isa = PBXFileReference; explicitFileType = wrapper.framework; includeInIndex = 0; path = EssentialFeed.framework; sourceTree = BUILT_PRODUCTS_DIR; };
		4B4C8FE429EB1B27005E4F68 /* EssentialFeed.h */ = {isa = PBXFileReference; lastKnownFileType = sourcecode.c.h; path = EssentialFeed.h; sourceTree = "<group>"; };
		4B4C8FE529EB1B27005E4F68 /* EssentialFeed.docc */ = {isa = PBXFileReference; lastKnownFileType = folder.documentationcatalog; path = EssentialFeed.docc; sourceTree = "<group>"; };
		4B4C8FEB29EB1B28005E4F68 /* EssentialFeedTests.xctest */ = {isa = PBXFileReference; explicitFileType = wrapper.cfbundle; includeInIndex = 0; path = EssentialFeedTests.xctest; sourceTree = BUILT_PRODUCTS_DIR; };
		4B4C8FFB29EB1B7F005E4F68 /* FeedItem.swift */ = {isa = PBXFileReference; lastKnownFileType = sourcecode.swift; path = FeedItem.swift; sourceTree = "<group>"; };
		4B4C8FFD29EB26AB005E4F68 /* FeedLoader.swift */ = {isa = PBXFileReference; lastKnownFileType = sourcecode.swift; path = FeedLoader.swift; sourceTree = "<group>"; };
		4B4C900229F6C7DE005E4F68 /* RemoteFeedLoaderTests.swift */ = {isa = PBXFileReference; lastKnownFileType = sourcecode.swift; path = RemoteFeedLoaderTests.swift; sourceTree = "<group>"; };
		4B4C900529FC10F9005E4F68 /* RemoteFeedLoader.swift */ = {isa = PBXFileReference; lastKnownFileType = sourcecode.swift; path = RemoteFeedLoader.swift; sourceTree = "<group>"; };
		4B6A44892A851DF400A2E1BD /* XCTTestCase+MemoryLeakTracking.swift */ = {isa = PBXFileReference; lastKnownFileType = sourcecode.swift; path = "XCTTestCase+MemoryLeakTracking.swift"; sourceTree = "<group>"; };
		4BCC54982A3367E9004924E9 /* HTTPClient.swift */ = {isa = PBXFileReference; lastKnownFileType = sourcecode.swift; path = HTTPClient.swift; sourceTree = "<group>"; };
		4BCC549A2A336853004924E9 /* FeedItemsMapper.swift */ = {isa = PBXFileReference; lastKnownFileType = sourcecode.swift; path = FeedItemsMapper.swift; sourceTree = "<group>"; };
/* End PBXFileReference section */

/* Begin PBXFrameworksBuildPhase section */
		4B4C8FDE29EB1B27005E4F68 /* Frameworks */ = {
			isa = PBXFrameworksBuildPhase;
			buildActionMask = 2147483647;
			files = (
			);
			runOnlyForDeploymentPostprocessing = 0;
		};
		4B4C8FE829EB1B28005E4F68 /* Frameworks */ = {
			isa = PBXFrameworksBuildPhase;
			buildActionMask = 2147483647;
			files = (
				4B4C8FEC29EB1B28005E4F68 /* EssentialFeed.framework in Frameworks */,
			);
			runOnlyForDeploymentPostprocessing = 0;
		};
/* End PBXFrameworksBuildPhase section */

/* Begin PBXGroup section */
		4B4C8FD729EB1B27005E4F68 = {
			isa = PBXGroup;
			children = (
				4B4C8FE329EB1B27005E4F68 /* EssentialFeed */,
				4B4C8FEF29EB1B28005E4F68 /* EssentialFeedTests */,
				4B4C8FE229EB1B27005E4F68 /* Products */,
			);
			sourceTree = "<group>";
		};
		4B4C8FE229EB1B27005E4F68 /* Products */ = {
			isa = PBXGroup;
			children = (
				4B4C8FE129EB1B27005E4F68 /* EssentialFeed.framework */,
				4B4C8FEB29EB1B28005E4F68 /* EssentialFeedTests.xctest */,
			);
			name = Products;
			sourceTree = "<group>";
		};
		4B4C8FE329EB1B27005E4F68 /* EssentialFeed */ = {
			isa = PBXGroup;
			children = (
				4B4C8FE429EB1B27005E4F68 /* EssentialFeed.h */,
				4B4C8FE529EB1B27005E4F68 /* EssentialFeed.docc */,
				4B4C8FFF29EB2793005E4F68 /* FeedFeature */,
				4B4C900429FC10E9005E4F68 /* FeedAPI */,
			);
			path = EssentialFeed;
			sourceTree = "<group>";
		};
		4B4C8FEF29EB1B28005E4F68 /* EssentialFeedTests */ = {
			isa = PBXGroup;
			children = (
				4BCC549C2A33712F004924E9 /* Feed API */,
			);
			path = EssentialFeedTests;
			sourceTree = "<group>";
		};
		4B4C8FFF29EB2793005E4F68 /* FeedFeature */ = {
			isa = PBXGroup;
			children = (
				4B4C8FFB29EB1B7F005E4F68 /* FeedItem.swift */,
				4B4C8FFD29EB26AB005E4F68 /* FeedLoader.swift */,
			);
			path = FeedFeature;
			sourceTree = "<group>";
		};
		4B4C900429FC10E9005E4F68 /* FeedAPI */ = {
			isa = PBXGroup;
			children = (
				4B4C900529FC10F9005E4F68 /* RemoteFeedLoader.swift */,
				4BCC549A2A336853004924E9 /* FeedItemsMapper.swift */,
				4BCC54982A3367E9004924E9 /* HTTPClient.swift */,
			);
			path = FeedAPI;
			sourceTree = "<group>";
		};
		4B6A44882A851DCD00A2E1BD /* Helpers */ = {
			isa = PBXGroup;
			children = (
				4B6A44892A851DF400A2E1BD /* XCTTestCase+MemoryLeakTracking.swift */,
			);
			path = Helpers;
			sourceTree = "<group>";
		};
		4BCC549C2A33712F004924E9 /* Feed API */ = {
			isa = PBXGroup;
			children = (
				4B6A44882A851DCD00A2E1BD /* Helpers */,
				4B4C900229F6C7DE005E4F68 /* RemoteFeedLoaderTests.swift */,
				4B3086D52A76D933001298EF /* URLSessionHTTPClientTests.swift */,
			);
			path = "Feed API";
			sourceTree = "<group>";
		};
/* End PBXGroup section */

/* Begin PBXHeadersBuildPhase section */
		4B4C8FDC29EB1B27005E4F68 /* Headers */ = {
			isa = PBXHeadersBuildPhase;
			buildActionMask = 2147483647;
			files = (
				4B4C8FF229EB1B28005E4F68 /* EssentialFeed.h in Headers */,
			);
			runOnlyForDeploymentPostprocessing = 0;
		};
/* End PBXHeadersBuildPhase section */

/* Begin PBXNativeTarget section */
		4B4C8FE029EB1B27005E4F68 /* EssentialFeed */ = {
			isa = PBXNativeTarget;
			buildConfigurationList = 4B4C8FF529EB1B28005E4F68 /* Build configuration list for PBXNativeTarget "EssentialFeed" */;
			buildPhases = (
				4B4C8FDC29EB1B27005E4F68 /* Headers */,
				4B4C8FDD29EB1B27005E4F68 /* Sources */,
				4B4C8FDE29EB1B27005E4F68 /* Frameworks */,
				4B4C8FDF29EB1B27005E4F68 /* Resources */,
			);
			buildRules = (
			);
			dependencies = (
			);
			name = EssentialFeed;
			productName = EssentialFeed;
			productReference = 4B4C8FE129EB1B27005E4F68 /* EssentialFeed.framework */;
			productType = "com.apple.product-type.framework";
		};
		4B4C8FEA29EB1B28005E4F68 /* EssentialFeedTests */ = {
			isa = PBXNativeTarget;
			buildConfigurationList = 4B4C8FF829EB1B28005E4F68 /* Build configuration list for PBXNativeTarget "EssentialFeedTests" */;
			buildPhases = (
				4B4C8FE729EB1B28005E4F68 /* Sources */,
				4B4C8FE829EB1B28005E4F68 /* Frameworks */,
				4B4C8FE929EB1B28005E4F68 /* Resources */,
			);
			buildRules = (
			);
			dependencies = (
				4B4C8FEE29EB1B28005E4F68 /* PBXTargetDependency */,
			);
			name = EssentialFeedTests;
			productName = EssentialFeedTests;
			productReference = 4B4C8FEB29EB1B28005E4F68 /* EssentialFeedTests.xctest */;
			productType = "com.apple.product-type.bundle.unit-test";
		};
/* End PBXNativeTarget section */

/* Begin PBXProject section */
		4B4C8FD829EB1B27005E4F68 /* Project object */ = {
			isa = PBXProject;
			attributes = {
				BuildIndependentTargetsInParallel = 1;
				LastSwiftUpdateCheck = 1430;
				LastUpgradeCheck = 1430;
				TargetAttributes = {
					4B4C8FE029EB1B27005E4F68 = {
						CreatedOnToolsVersion = 14.3;
					};
					4B4C8FEA29EB1B28005E4F68 = {
						CreatedOnToolsVersion = 14.3;
					};
				};
			};
			buildConfigurationList = 4B4C8FDB29EB1B27005E4F68 /* Build configuration list for PBXProject "EssentialFeed" */;
			compatibilityVersion = "Xcode 14.0";
			developmentRegion = en;
			hasScannedForEncodings = 0;
			knownRegions = (
				en,
				Base,
			);
			mainGroup = 4B4C8FD729EB1B27005E4F68;
			productRefGroup = 4B4C8FE229EB1B27005E4F68 /* Products */;
			projectDirPath = "";
			projectRoot = "";
			targets = (
				4B4C8FE029EB1B27005E4F68 /* EssentialFeed */,
				4B4C8FEA29EB1B28005E4F68 /* EssentialFeedTests */,
			);
		};
/* End PBXProject section */

/* Begin PBXResourcesBuildPhase section */
		4B4C8FDF29EB1B27005E4F68 /* Resources */ = {
			isa = PBXResourcesBuildPhase;
			buildActionMask = 2147483647;
			files = (
			);
			runOnlyForDeploymentPostprocessing = 0;
		};
		4B4C8FE929EB1B28005E4F68 /* Resources */ = {
			isa = PBXResourcesBuildPhase;
			buildActionMask = 2147483647;
			files = (
			);
			runOnlyForDeploymentPostprocessing = 0;
		};
/* End PBXResourcesBuildPhase section */

/* Begin PBXSourcesBuildPhase section */
		4B4C8FDD29EB1B27005E4F68 /* Sources */ = {
			isa = PBXSourcesBuildPhase;
			buildActionMask = 2147483647;
			files = (
				4B4C900629FC10F9005E4F68 /* RemoteFeedLoader.swift in Sources */,
				4BCC54992A3367E9004924E9 /* HTTPClient.swift in Sources */,
				4B4C8FFE29EB26AB005E4F68 /* FeedLoader.swift in Sources */,
				4BCC549B2A336853004924E9 /* FeedItemsMapper.swift in Sources */,
				4B4C8FFC29EB1B7F005E4F68 /* FeedItem.swift in Sources */,
				4B4C8FE629EB1B27005E4F68 /* EssentialFeed.docc in Sources */,
			);
			runOnlyForDeploymentPostprocessing = 0;
		};
		4B4C8FE729EB1B28005E4F68 /* Sources */ = {
			isa = PBXSourcesBuildPhase;
			buildActionMask = 2147483647;
			files = (
				4B4C900329F6C7DE005E4F68 /* RemoteFeedLoaderTests.swift in Sources */,
				4B3086D62A76D933001298EF /* URLSessionHTTPClientTests.swift in Sources */,
				4B6A448A2A851DF400A2E1BD /* XCTTestCase+MemoryLeakTracking.swift in Sources */,
			);
			runOnlyForDeploymentPostprocessing = 0;
		};
/* End PBXSourcesBuildPhase section */

/* Begin PBXTargetDependency section */
		4B4C8FEE29EB1B28005E4F68 /* PBXTargetDependency */ = {
			isa = PBXTargetDependency;
			target = 4B4C8FE029EB1B27005E4F68 /* EssentialFeed */;
			targetProxy = 4B4C8FED29EB1B28005E4F68 /* PBXContainerItemProxy */;
		};
/* End PBXTargetDependency section */

/* Begin XCBuildConfiguration section */
		4B4C8FF329EB1B28005E4F68 /* Debug */ = {
			isa = XCBuildConfiguration;
			buildSettings = {
				ALWAYS_SEARCH_USER_PATHS = NO;
				CLANG_ANALYZER_NONNULL = YES;
				CLANG_ANALYZER_NUMBER_OBJECT_CONVERSION = YES_AGGRESSIVE;
				CLANG_CXX_LANGUAGE_STANDARD = "gnu++20";
				CLANG_ENABLE_MODULES = YES;
				CLANG_ENABLE_OBJC_ARC = YES;
				CLANG_ENABLE_OBJC_WEAK = YES;
				CLANG_WARN_BLOCK_CAPTURE_AUTORELEASING = YES;
				CLANG_WARN_BOOL_CONVERSION = YES;
				CLANG_WARN_COMMA = YES;
				CLANG_WARN_CONSTANT_CONVERSION = YES;
				CLANG_WARN_DEPRECATED_OBJC_IMPLEMENTATIONS = YES;
				CLANG_WARN_DIRECT_OBJC_ISA_USAGE = YES_ERROR;
				CLANG_WARN_DOCUMENTATION_COMMENTS = YES;
				CLANG_WARN_EMPTY_BODY = YES;
				CLANG_WARN_ENUM_CONVERSION = YES;
				CLANG_WARN_INFINITE_RECURSION = YES;
				CLANG_WARN_INT_CONVERSION = YES;
				CLANG_WARN_NON_LITERAL_NULL_CONVERSION = YES;
				CLANG_WARN_OBJC_IMPLICIT_RETAIN_SELF = YES;
				CLANG_WARN_OBJC_LITERAL_CONVERSION = YES;
				CLANG_WARN_OBJC_ROOT_CLASS = YES_ERROR;
				CLANG_WARN_QUOTED_INCLUDE_IN_FRAMEWORK_HEADER = YES;
				CLANG_WARN_RANGE_LOOP_ANALYSIS = YES;
				CLANG_WARN_STRICT_PROTOTYPES = YES;
				CLANG_WARN_SUSPICIOUS_MOVE = YES;
				CLANG_WARN_UNGUARDED_AVAILABILITY = YES_AGGRESSIVE;
				CLANG_WARN_UNREACHABLE_CODE = YES;
				CLANG_WARN__DUPLICATE_METHOD_MATCH = YES;
				COPY_PHASE_STRIP = NO;
				CURRENT_PROJECT_VERSION = 1;
				DEBUG_INFORMATION_FORMAT = dwarf;
				ENABLE_STRICT_OBJC_MSGSEND = YES;
				ENABLE_TESTABILITY = YES;
				GCC_C_LANGUAGE_STANDARD = gnu11;
				GCC_DYNAMIC_NO_PIC = NO;
				GCC_NO_COMMON_BLOCKS = YES;
				GCC_OPTIMIZATION_LEVEL = 0;
				GCC_PREPROCESSOR_DEFINITIONS = (
					"DEBUG=1",
					"$(inherited)",
				);
				GCC_WARN_64_TO_32_BIT_CONVERSION = YES;
				GCC_WARN_ABOUT_RETURN_TYPE = YES_ERROR;
				GCC_WARN_UNDECLARED_SELECTOR = YES;
				GCC_WARN_UNINITIALIZED_AUTOS = YES_AGGRESSIVE;
				GCC_WARN_UNUSED_FUNCTION = YES;
				GCC_WARN_UNUSED_VARIABLE = YES;
				MACOSX_DEPLOYMENT_TARGET = 13.3;
				MTL_ENABLE_DEBUG_INFO = INCLUDE_SOURCE;
				MTL_FAST_MATH = YES;
				ONLY_ACTIVE_ARCH = YES;
				SDKROOT = macosx;
				SWIFT_ACTIVE_COMPILATION_CONDITIONS = DEBUG;
				SWIFT_OPTIMIZATION_LEVEL = "-Onone";
				VERSIONING_SYSTEM = "apple-generic";
				VERSION_INFO_PREFIX = "";
			};
			name = Debug;
		};
		4B4C8FF429EB1B28005E4F68 /* Release */ = {
			isa = XCBuildConfiguration;
			buildSettings = {
				ALWAYS_SEARCH_USER_PATHS = NO;
				CLANG_ANALYZER_NONNULL = YES;
				CLANG_ANALYZER_NUMBER_OBJECT_CONVERSION = YES_AGGRESSIVE;
				CLANG_CXX_LANGUAGE_STANDARD = "gnu++20";
				CLANG_ENABLE_MODULES = YES;
				CLANG_ENABLE_OBJC_ARC = YES;
				CLANG_ENABLE_OBJC_WEAK = YES;
				CLANG_WARN_BLOCK_CAPTURE_AUTORELEASING = YES;
				CLANG_WARN_BOOL_CONVERSION = YES;
				CLANG_WARN_COMMA = YES;
				CLANG_WARN_CONSTANT_CONVERSION = YES;
				CLANG_WARN_DEPRECATED_OBJC_IMPLEMENTATIONS = YES;
				CLANG_WARN_DIRECT_OBJC_ISA_USAGE = YES_ERROR;
				CLANG_WARN_DOCUMENTATION_COMMENTS = YES;
				CLANG_WARN_EMPTY_BODY = YES;
				CLANG_WARN_ENUM_CONVERSION = YES;
				CLANG_WARN_INFINITE_RECURSION = YES;
				CLANG_WARN_INT_CONVERSION = YES;
				CLANG_WARN_NON_LITERAL_NULL_CONVERSION = YES;
				CLANG_WARN_OBJC_IMPLICIT_RETAIN_SELF = YES;
				CLANG_WARN_OBJC_LITERAL_CONVERSION = YES;
				CLANG_WARN_OBJC_ROOT_CLASS = YES_ERROR;
				CLANG_WARN_QUOTED_INCLUDE_IN_FRAMEWORK_HEADER = YES;
				CLANG_WARN_RANGE_LOOP_ANALYSIS = YES;
				CLANG_WARN_STRICT_PROTOTYPES = YES;
				CLANG_WARN_SUSPICIOUS_MOVE = YES;
				CLANG_WARN_UNGUARDED_AVAILABILITY = YES_AGGRESSIVE;
				CLANG_WARN_UNREACHABLE_CODE = YES;
				CLANG_WARN__DUPLICATE_METHOD_MATCH = YES;
				COPY_PHASE_STRIP = NO;
				CURRENT_PROJECT_VERSION = 1;
				DEBUG_INFORMATION_FORMAT = "dwarf-with-dsym";
				ENABLE_NS_ASSERTIONS = NO;
				ENABLE_STRICT_OBJC_MSGSEND = YES;
				GCC_C_LANGUAGE_STANDARD = gnu11;
				GCC_NO_COMMON_BLOCKS = YES;
				GCC_WARN_64_TO_32_BIT_CONVERSION = YES;
				GCC_WARN_ABOUT_RETURN_TYPE = YES_ERROR;
				GCC_WARN_UNDECLARED_SELECTOR = YES;
				GCC_WARN_UNINITIALIZED_AUTOS = YES_AGGRESSIVE;
				GCC_WARN_UNUSED_FUNCTION = YES;
				GCC_WARN_UNUSED_VARIABLE = YES;
				MACOSX_DEPLOYMENT_TARGET = 13.3;
				MTL_ENABLE_DEBUG_INFO = NO;
				MTL_FAST_MATH = YES;
				SDKROOT = macosx;
				SWIFT_COMPILATION_MODE = wholemodule;
				SWIFT_OPTIMIZATION_LEVEL = "-O";
				VERSIONING_SYSTEM = "apple-generic";
				VERSION_INFO_PREFIX = "";
			};
			name = Release;
		};
		4B4C8FF629EB1B28005E4F68 /* Debug */ = {
			isa = XCBuildConfiguration;
			buildSettings = {
				CODE_SIGN_STYLE = Automatic;
				COMBINE_HIDPI_IMAGES = YES;
				CURRENT_PROJECT_VERSION = 1;
				DEFINES_MODULE = YES;
				DEVELOPMENT_TEAM = UEQ95NQCUE;
				DYLIB_COMPATIBILITY_VERSION = 1;
				DYLIB_CURRENT_VERSION = 1;
				DYLIB_INSTALL_NAME_BASE = "@rpath";
				ENABLE_MODULE_VERIFIER = YES;
				GENERATE_INFOPLIST_FILE = YES;
				INFOPLIST_KEY_NSHumanReadableCopyright = "";
				INSTALL_PATH = "$(LOCAL_LIBRARY_DIR)/Frameworks";
				LD_RUNPATH_SEARCH_PATHS = (
					"$(inherited)",
					"@executable_path/../Frameworks",
					"@loader_path/Frameworks",
				);
				MARKETING_VERSION = 1.0;
				MODULE_VERIFIER_SUPPORTED_LANGUAGES = "objective-c objective-c++";
				MODULE_VERIFIER_SUPPORTED_LANGUAGE_STANDARDS = "gnu11 gnu++20";
				PRODUCT_BUNDLE_IDENTIFIER = com.unownedself.EssentialFeed;
				PRODUCT_NAME = "$(TARGET_NAME:c99extidentifier)";
				SKIP_INSTALL = YES;
				SWIFT_EMIT_LOC_STRINGS = YES;
				SWIFT_VERSION = 5.0;
			};
			name = Debug;
		};
		4B4C8FF729EB1B28005E4F68 /* Release */ = {
			isa = XCBuildConfiguration;
			buildSettings = {
				CODE_SIGN_STYLE = Automatic;
				COMBINE_HIDPI_IMAGES = YES;
				CURRENT_PROJECT_VERSION = 1;
				DEFINES_MODULE = YES;
				DEVELOPMENT_TEAM = UEQ95NQCUE;
				DYLIB_COMPATIBILITY_VERSION = 1;
				DYLIB_CURRENT_VERSION = 1;
				DYLIB_INSTALL_NAME_BASE = "@rpath";
				ENABLE_MODULE_VERIFIER = YES;
				GENERATE_INFOPLIST_FILE = YES;
				INFOPLIST_KEY_NSHumanReadableCopyright = "";
				INSTALL_PATH = "$(LOCAL_LIBRARY_DIR)/Frameworks";
				LD_RUNPATH_SEARCH_PATHS = (
					"$(inherited)",
					"@executable_path/../Frameworks",
					"@loader_path/Frameworks",
				);
				MARKETING_VERSION = 1.0;
				MODULE_VERIFIER_SUPPORTED_LANGUAGES = "objective-c objective-c++";
				MODULE_VERIFIER_SUPPORTED_LANGUAGE_STANDARDS = "gnu11 gnu++20";
				PRODUCT_BUNDLE_IDENTIFIER = com.unownedself.EssentialFeed;
				PRODUCT_NAME = "$(TARGET_NAME:c99extidentifier)";
				SKIP_INSTALL = YES;
				SWIFT_EMIT_LOC_STRINGS = YES;
				SWIFT_VERSION = 5.0;
			};
			name = Release;
		};
		4B4C8FF929EB1B28005E4F68 /* Debug */ = {
			isa = XCBuildConfiguration;
			buildSettings = {
				ALWAYS_EMBED_SWIFT_STANDARD_LIBRARIES = YES;
				CODE_SIGN_STYLE = Automatic;
				CURRENT_PROJECT_VERSION = 1;
				DEVELOPMENT_TEAM = UEQ95NQCUE;
				GENERATE_INFOPLIST_FILE = YES;
				MARKETING_VERSION = 1.0;
				PRODUCT_BUNDLE_IDENTIFIER = com.unownedself.EssentialFeedTests;
				PRODUCT_NAME = "$(TARGET_NAME)";
				SWIFT_EMIT_LOC_STRINGS = NO;
				SWIFT_VERSION = 5.0;
			};
			name = Debug;
		};
		4B4C8FFA29EB1B28005E4F68 /* Release */ = {
			isa = XCBuildConfiguration;
			buildSettings = {
				ALWAYS_EMBED_SWIFT_STANDARD_LIBRARIES = YES;
				CODE_SIGN_STYLE = Automatic;
				CURRENT_PROJECT_VERSION = 1;
				DEVELOPMENT_TEAM = UEQ95NQCUE;
				GENERATE_INFOPLIST_FILE = YES;
				MARKETING_VERSION = 1.0;
				PRODUCT_BUNDLE_IDENTIFIER = com.unownedself.EssentialFeedTests;
				PRODUCT_NAME = "$(TARGET_NAME)";
				SWIFT_EMIT_LOC_STRINGS = NO;
				SWIFT_VERSION = 5.0;
			};
			name = Release;
		};
/* End XCBuildConfiguration section */

/* Begin XCConfigurationList section */
		4B4C8FDB29EB1B27005E4F68 /* Build configuration list for PBXProject "EssentialFeed" */ = {
			isa = XCConfigurationList;
			buildConfigurations = (
				4B4C8FF329EB1B28005E4F68 /* Debug */,
				4B4C8FF429EB1B28005E4F68 /* Release */,
			);
			defaultConfigurationIsVisible = 0;
			defaultConfigurationName = Release;
		};
		4B4C8FF529EB1B28005E4F68 /* Build configuration list for PBXNativeTarget "EssentialFeed" */ = {
			isa = XCConfigurationList;
			buildConfigurations = (
				4B4C8FF629EB1B28005E4F68 /* Debug */,
				4B4C8FF729EB1B28005E4F68 /* Release */,
			);
			defaultConfigurationIsVisible = 0;
			defaultConfigurationName = Release;
		};
		4B4C8FF829EB1B28005E4F68 /* Build configuration list for PBXNativeTarget "EssentialFeedTests" */ = {
			isa = XCConfigurationList;
			buildConfigurations = (
				4B4C8FF929EB1B28005E4F68 /* Debug */,
				4B4C8FFA29EB1B28005E4F68 /* Release */,
			);
			defaultConfigurationIsVisible = 0;
			defaultConfigurationName = Release;
		};
/* End XCConfigurationList section */
	};
	rootObject = 4B4C8FD829EB1B27005E4F68 /* Project object */;
}
