// !$*UTF8*$!
{
	archiveVersion = 1;
	classes = {
	};
	objectVersion = 56;
	objects = {

/* Begin PBXBuildFile section */
		4BACC0B229B777E60071AB00 /* AppDelegate.swift in Sources */ = {isa = PBXBuildFile; fileRef = 4BACC0B129B777E60071AB00 /* AppDelegate.swift */; };
		4BACC0B429B777E60071AB00 /* SceneDelegate.swift in Sources */ = {isa = PBXBuildFile; fileRef = 4BACC0B329B777E60071AB00 /* SceneDelegate.swift */; };
		4BACC0B629B777E60071AB00 /* ViewController.swift in Sources */ = {isa = PBXBuildFile; fileRef = 4BACC0B529B777E60071AB00 /* ViewController.swift */; };
		4BACC0B929B777E60071AB00 /* Main.storyboard in Resources */ = {isa = PBXBuildFile; fileRef = 4BACC0B729B777E60071AB00 /* Main.storyboard */; };
		4BACC0BC29B777E60071AB00 /* CleanArchitectureComposition.xcdatamodeld in Sources */ = {isa = PBXBuildFile; fileRef = 4BACC0BA29B777E60071AB00 /* CleanArchitectureComposition.xcdatamodeld */; };
		4BACC0BE29B777E70071AB00 /* Assets.xcassets in Resources */ = {isa = PBXBuildFile; fileRef = 4BACC0BD29B777E70071AB00 /* Assets.xcassets */; };
		4BACC0C129B777E70071AB00 /* LaunchScreen.storyboard in Resources */ = {isa = PBXBuildFile; fileRef = 4BACC0BF29B777E70071AB00 /* LaunchScreen.storyboard */; };
		4BACC0CC29B777E70071AB00 /* CleanArchitectureCompositionTests.swift in Sources */ = {isa = PBXBuildFile; fileRef = 4BACC0CB29B777E70071AB00 /* CleanArchitectureCompositionTests.swift */; };
		4BACC0D629B777E70071AB00 /* CleanArchitectureCompositionUITests.swift in Sources */ = {isa = PBXBuildFile; fileRef = 4BACC0D529B777E70071AB00 /* CleanArchitectureCompositionUITests.swift */; };
		4BACC0D829B777E70071AB00 /* CleanArchitectureCompositionUITestsLaunchTests.swift in Sources */ = {isa = PBXBuildFile; fileRef = 4BACC0D729B777E70071AB00 /* CleanArchitectureCompositionUITestsLaunchTests.swift */; };
		4BACC0E529B778390071AB00 /* LoginUseCase.swift in Sources */ = {isa = PBXBuildFile; fileRef = 4BACC0E429B778390071AB00 /* LoginUseCase.swift */; };
		4BACC0E729B7813F0071AB00 /* User.swift in Sources */ = {isa = PBXBuildFile; fileRef = 4BACC0E629B7813F0071AB00 /* User.swift */; };
		4BACC0E929B81B220071AB00 /* LoginPresenter.swift in Sources */ = {isa = PBXBuildFile; fileRef = 4BACC0E829B81B220071AB00 /* LoginPresenter.swift */; };
		4BACC0EB29B81C2E0071AB00 /* CrashlyticsLoginTracker.swift in Sources */ = {isa = PBXBuildFile; fileRef = 4BACC0EA29B81C2E0071AB00 /* CrashlyticsLoginTracker.swift */; };
		4BACC0ED29B81C970071AB00 /* FirebaseAnalyticsLoginTracker.swift in Sources */ = {isa = PBXBuildFile; fileRef = 4BACC0EC29B81C970071AB00 /* FirebaseAnalyticsLoginTracker.swift */; };
		4BACC0EF29B81DED0071AB00 /* LoginUseCaseOutputComposerTests.swift in Sources */ = {isa = PBXBuildFile; fileRef = 4BACC0EE29B81DED0071AB00 /* LoginUseCaseOutputComposerTests.swift */; };
		4BACC0F129B81E1E0071AB00 /* LoginUseCaseOutputComposer.swift in Sources */ = {isa = PBXBuildFile; fileRef = 4BACC0F029B81E1E0071AB00 /* LoginUseCaseOutputComposer.swift */; };
		4BACC0F329B823C20071AB00 /* LoggingUseCaseFactoryTests.swift in Sources */ = {isa = PBXBuildFile; fileRef = 4BACC0F229B823C20071AB00 /* LoggingUseCaseFactoryTests.swift */; };
		4BACC0F529B823D60071AB00 /* LoggingUseCaseFactory.swift in Sources */ = {isa = PBXBuildFile; fileRef = 4BACC0F429B823D60071AB00 /* LoggingUseCaseFactory.swift */; };
/* End PBXBuildFile section */

/* Begin PBXContainerItemProxy section */
		4BACC0C829B777E70071AB00 /* PBXContainerItemProxy */ = {
			isa = PBXContainerItemProxy;
			containerPortal = 4BACC0A629B777E60071AB00 /* Project object */;
			proxyType = 1;
			remoteGlobalIDString = 4BACC0AD29B777E60071AB00;
			remoteInfo = CleanArchitectureComposition;
		};
		4BACC0D229B777E70071AB00 /* PBXContainerItemProxy */ = {
			isa = PBXContainerItemProxy;
			containerPortal = 4BACC0A629B777E60071AB00 /* Project object */;
			proxyType = 1;
			remoteGlobalIDString = 4BACC0AD29B777E60071AB00;
			remoteInfo = CleanArchitectureComposition;
		};
/* End PBXContainerItemProxy section */

/* Begin PBXFileReference section */
		4BACC0AE29B777E60071AB00 /* CleanArchitectureComposition.app */ = {isa = PBXFileReference; explicitFileType = wrapper.application; includeInIndex = 0; path = CleanArchitectureComposition.app; sourceTree = BUILT_PRODUCTS_DIR; };
		4BACC0B129B777E60071AB00 /* AppDelegate.swift */ = {isa = PBXFileReference; lastKnownFileType = sourcecode.swift; path = AppDelegate.swift; sourceTree = "<group>"; };
		4BACC0B329B777E60071AB00 /* SceneDelegate.swift */ = {isa = PBXFileReference; lastKnownFileType = sourcecode.swift; path = SceneDelegate.swift; sourceTree = "<group>"; };
		4BACC0B529B777E60071AB00 /* ViewController.swift */ = {isa = PBXFileReference; lastKnownFileType = sourcecode.swift; path = ViewController.swift; sourceTree = "<group>"; };
		4BACC0B829B777E60071AB00 /* Base */ = {isa = PBXFileReference; lastKnownFileType = file.storyboard; name = Base; path = Base.lproj/Main.storyboard; sourceTree = "<group>"; };
		4BACC0BB29B777E60071AB00 /* CleanArchitectureComposition.xcdatamodel */ = {isa = PBXFileReference; lastKnownFileType = wrapper.xcdatamodel; path = CleanArchitectureComposition.xcdatamodel; sourceTree = "<group>"; };
		4BACC0BD29B777E70071AB00 /* Assets.xcassets */ = {isa = PBXFileReference; lastKnownFileType = folder.assetcatalog; path = Assets.xcassets; sourceTree = "<group>"; };
		4BACC0C029B777E70071AB00 /* Base */ = {isa = PBXFileReference; lastKnownFileType = file.storyboard; name = Base; path = Base.lproj/LaunchScreen.storyboard; sourceTree = "<group>"; };
		4BACC0C229B777E70071AB00 /* Info.plist */ = {isa = PBXFileReference; lastKnownFileType = text.plist.xml; path = Info.plist; sourceTree = "<group>"; };
		4BACC0C729B777E70071AB00 /* CleanArchitectureCompositionTests.xctest */ = {isa = PBXFileReference; explicitFileType = wrapper.cfbundle; includeInIndex = 0; path = CleanArchitectureCompositionTests.xctest; sourceTree = BUILT_PRODUCTS_DIR; };
		4BACC0CB29B777E70071AB00 /* CleanArchitectureCompositionTests.swift */ = {isa = PBXFileReference; lastKnownFileType = sourcecode.swift; path = CleanArchitectureCompositionTests.swift; sourceTree = "<group>"; };
		4BACC0D129B777E70071AB00 /* CleanArchitectureCompositionUITests.xctest */ = {isa = PBXFileReference; explicitFileType = wrapper.cfbundle; includeInIndex = 0; path = CleanArchitectureCompositionUITests.xctest; sourceTree = BUILT_PRODUCTS_DIR; };
		4BACC0D529B777E70071AB00 /* CleanArchitectureCompositionUITests.swift */ = {isa = PBXFileReference; lastKnownFileType = sourcecode.swift; path = CleanArchitectureCompositionUITests.swift; sourceTree = "<group>"; };
		4BACC0D729B777E70071AB00 /* CleanArchitectureCompositionUITestsLaunchTests.swift */ = {isa = PBXFileReference; lastKnownFileType = sourcecode.swift; path = CleanArchitectureCompositionUITestsLaunchTests.swift; sourceTree = "<group>"; };
		4BACC0E429B778390071AB00 /* LoginUseCase.swift */ = {isa = PBXFileReference; lastKnownFileType = sourcecode.swift; path = LoginUseCase.swift; sourceTree = "<group>"; };
		4BACC0E629B7813F0071AB00 /* User.swift */ = {isa = PBXFileReference; lastKnownFileType = sourcecode.swift; path = User.swift; sourceTree = "<group>"; };
		4BACC0E829B81B220071AB00 /* LoginPresenter.swift */ = {isa = PBXFileReference; lastKnownFileType = sourcecode.swift; path = LoginPresenter.swift; sourceTree = "<group>"; };
		4BACC0EA29B81C2E0071AB00 /* CrashlyticsLoginTracker.swift */ = {isa = PBXFileReference; lastKnownFileType = sourcecode.swift; path = CrashlyticsLoginTracker.swift; sourceTree = "<group>"; };
		4BACC0EC29B81C970071AB00 /* FirebaseAnalyticsLoginTracker.swift */ = {isa = PBXFileReference; lastKnownFileType = sourcecode.swift; path = FirebaseAnalyticsLoginTracker.swift; sourceTree = "<group>"; };
		4BACC0EE29B81DED0071AB00 /* LoginUseCaseOutputComposerTests.swift */ = {isa = PBXFileReference; lastKnownFileType = sourcecode.swift; path = LoginUseCaseOutputComposerTests.swift; sourceTree = "<group>"; };
		4BACC0F029B81E1E0071AB00 /* LoginUseCaseOutputComposer.swift */ = {isa = PBXFileReference; lastKnownFileType = sourcecode.swift; path = LoginUseCaseOutputComposer.swift; sourceTree = "<group>"; };
		4BACC0F229B823C20071AB00 /* LoggingUseCaseFactoryTests.swift */ = {isa = PBXFileReference; lastKnownFileType = sourcecode.swift; path = LoggingUseCaseFactoryTests.swift; sourceTree = "<group>"; };
		4BACC0F429B823D60071AB00 /* LoggingUseCaseFactory.swift */ = {isa = PBXFileReference; lastKnownFileType = sourcecode.swift; path = LoggingUseCaseFactory.swift; sourceTree = "<group>"; };
/* End PBXFileReference section */

/* Begin PBXFrameworksBuildPhase section */
		4BACC0AB29B777E60071AB00 /* Frameworks */ = {
			isa = PBXFrameworksBuildPhase;
			buildActionMask = 2147483647;
			files = (
			);
			runOnlyForDeploymentPostprocessing = 0;
		};
		4BACC0C429B777E70071AB00 /* Frameworks */ = {
			isa = PBXFrameworksBuildPhase;
			buildActionMask = 2147483647;
			files = (
			);
			runOnlyForDeploymentPostprocessing = 0;
		};
		4BACC0CE29B777E70071AB00 /* Frameworks */ = {
			isa = PBXFrameworksBuildPhase;
			buildActionMask = 2147483647;
			files = (
			);
			runOnlyForDeploymentPostprocessing = 0;
		};
/* End PBXFrameworksBuildPhase section */

/* Begin PBXGroup section */
		4BACC0A529B777E60071AB00 = {
			isa = PBXGroup;
			children = (
				4BACC0B029B777E60071AB00 /* CleanArchitectureComposition */,
				4BACC0CA29B777E70071AB00 /* CleanArchitectureCompositionTests */,
				4BACC0D429B777E70071AB00 /* CleanArchitectureCompositionUITests */,
				4BACC0AF29B777E60071AB00 /* Products */,
			);
			sourceTree = "<group>";
		};
		4BACC0AF29B777E60071AB00 /* Products */ = {
			isa = PBXGroup;
			children = (
				4BACC0AE29B777E60071AB00 /* CleanArchitectureComposition.app */,
				4BACC0C729B777E70071AB00 /* CleanArchitectureCompositionTests.xctest */,
				4BACC0D129B777E70071AB00 /* CleanArchitectureCompositionUITests.xctest */,
			);
			name = Products;
			sourceTree = "<group>";
		};
		4BACC0B029B777E60071AB00 /* CleanArchitectureComposition */ = {
			isa = PBXGroup;
			children = (
				4BACC0B129B777E60071AB00 /* AppDelegate.swift */,
				4BACC0B329B777E60071AB00 /* SceneDelegate.swift */,
				4BACC0B529B777E60071AB00 /* ViewController.swift */,
				4BACC0B729B777E60071AB00 /* Main.storyboard */,
				4BACC0BD29B777E70071AB00 /* Assets.xcassets */,
				4BACC0BF29B777E70071AB00 /* LaunchScreen.storyboard */,
				4BACC0C229B777E70071AB00 /* Info.plist */,
				4BACC0BA29B777E60071AB00 /* CleanArchitectureComposition.xcdatamodeld */,
				4BACC0F629B827C10071AB00 /* Business Logic */,
				4BACC0F729B827DC0071AB00 /* Presenter */,
				4BACC0F829B827EB0071AB00 /* Analytics */,
				4BACC0F929B827F60071AB00 /* Main */,
			);
			path = CleanArchitectureComposition;
			sourceTree = "<group>";
		};
		4BACC0CA29B777E70071AB00 /* CleanArchitectureCompositionTests */ = {
			isa = PBXGroup;
			children = (
				4BACC0CB29B777E70071AB00 /* CleanArchitectureCompositionTests.swift */,
				4BACC0FA29B828220071AB00 /* Main */,
			);
			path = CleanArchitectureCompositionTests;
			sourceTree = "<group>";
		};
		4BACC0D429B777E70071AB00 /* CleanArchitectureCompositionUITests */ = {
			isa = PBXGroup;
			children = (
				4BACC0D529B777E70071AB00 /* CleanArchitectureCompositionUITests.swift */,
				4BACC0D729B777E70071AB00 /* CleanArchitectureCompositionUITestsLaunchTests.swift */,
			);
			path = CleanArchitectureCompositionUITests;
			sourceTree = "<group>";
		};
		4BACC0F629B827C10071AB00 /* Business Logic */ = {
			isa = PBXGroup;
			children = (
				4BACC0E629B7813F0071AB00 /* User.swift */,
				4BACC0E429B778390071AB00 /* LoginUseCase.swift */,
			);
			path = "Business Logic";
			sourceTree = "<group>";
		};
		4BACC0F729B827DC0071AB00 /* Presenter */ = {
			isa = PBXGroup;
			children = (
				4BACC0E829B81B220071AB00 /* LoginPresenter.swift */,
			);
			path = Presenter;
			sourceTree = "<group>";
		};
		4BACC0F829B827EB0071AB00 /* Analytics */ = {
			isa = PBXGroup;
			children = (
				4BACC0EA29B81C2E0071AB00 /* CrashlyticsLoginTracker.swift */,
				4BACC0EC29B81C970071AB00 /* FirebaseAnalyticsLoginTracker.swift */,
			);
			path = Analytics;
			sourceTree = "<group>";
		};
		4BACC0F929B827F60071AB00 /* Main */ = {
			isa = PBXGroup;
			children = (
				4BACC0F029B81E1E0071AB00 /* LoginUseCaseOutputComposer.swift */,
				4BACC0F429B823D60071AB00 /* LoggingUseCaseFactory.swift */,
			);
			path = Main;
			sourceTree = "<group>";
		};
		4BACC0FA29B828220071AB00 /* Main */ = {
			isa = PBXGroup;
			children = (
				4BACC0EE29B81DED0071AB00 /* LoginUseCaseOutputComposerTests.swift */,
				4BACC0F229B823C20071AB00 /* LoggingUseCaseFactoryTests.swift */,
			);
			name = Main;
			sourceTree = "<group>";
		};
/* End PBXGroup section */

/* Begin PBXNativeTarget section */
		4BACC0AD29B777E60071AB00 /* CleanArchitectureComposition */ = {
			isa = PBXNativeTarget;
			buildConfigurationList = 4BACC0DB29B777E70071AB00 /* Build configuration list for PBXNativeTarget "CleanArchitectureComposition" */;
			buildPhases = (
				4BACC0AA29B777E60071AB00 /* Sources */,
				4BACC0AB29B777E60071AB00 /* Frameworks */,
				4BACC0AC29B777E60071AB00 /* Resources */,
			);
			buildRules = (
			);
			dependencies = (
			);
			name = CleanArchitectureComposition;
			productName = CleanArchitectureComposition;
			productReference = 4BACC0AE29B777E60071AB00 /* CleanArchitectureComposition.app */;
			productType = "com.apple.product-type.application";
		};
		4BACC0C629B777E70071AB00 /* CleanArchitectureCompositionTests */ = {
			isa = PBXNativeTarget;
			buildConfigurationList = 4BACC0DE29B777E70071AB00 /* Build configuration list for PBXNativeTarget "CleanArchitectureCompositionTests" */;
			buildPhases = (
				4BACC0C329B777E70071AB00 /* Sources */,
				4BACC0C429B777E70071AB00 /* Frameworks */,
				4BACC0C529B777E70071AB00 /* Resources */,
			);
			buildRules = (
			);
			dependencies = (
				4BACC0C929B777E70071AB00 /* PBXTargetDependency */,
			);
			name = CleanArchitectureCompositionTests;
			productName = CleanArchitectureCompositionTests;
			productReference = 4BACC0C729B777E70071AB00 /* CleanArchitectureCompositionTests.xctest */;
			productType = "com.apple.product-type.bundle.unit-test";
		};
		4BACC0D029B777E70071AB00 /* CleanArchitectureCompositionUITests */ = {
			isa = PBXNativeTarget;
			buildConfigurationList = 4BACC0E129B777E70071AB00 /* Build configuration list for PBXNativeTarget "CleanArchitectureCompositionUITests" */;
			buildPhases = (
				4BACC0CD29B777E70071AB00 /* Sources */,
				4BACC0CE29B777E70071AB00 /* Frameworks */,
				4BACC0CF29B777E70071AB00 /* Resources */,
			);
			buildRules = (
			);
			dependencies = (
				4BACC0D329B777E70071AB00 /* PBXTargetDependency */,
			);
			name = CleanArchitectureCompositionUITests;
			productName = CleanArchitectureCompositionUITests;
			productReference = 4BACC0D129B777E70071AB00 /* CleanArchitectureCompositionUITests.xctest */;
			productType = "com.apple.product-type.bundle.ui-testing";
		};
/* End PBXNativeTarget section */

/* Begin PBXProject section */
		4BACC0A629B777E60071AB00 /* Project object */ = {
			isa = PBXProject;
			attributes = {
				BuildIndependentTargetsInParallel = 1;
				LastSwiftUpdateCheck = 1420;
				LastUpgradeCheck = 1420;
				TargetAttributes = {
					4BACC0AD29B777E60071AB00 = {
						CreatedOnToolsVersion = 14.2;
					};
					4BACC0C629B777E70071AB00 = {
						CreatedOnToolsVersion = 14.2;
						TestTargetID = 4BACC0AD29B777E60071AB00;
					};
					4BACC0D029B777E70071AB00 = {
						CreatedOnToolsVersion = 14.2;
						TestTargetID = 4BACC0AD29B777E60071AB00;
					};
				};
			};
			buildConfigurationList = 4BACC0A929B777E60071AB00 /* Build configuration list for PBXProject "CleanArchitectureComposition" */;
			compatibilityVersion = "Xcode 14.0";
			developmentRegion = en;
			hasScannedForEncodings = 0;
			knownRegions = (
				en,
				Base,
			);
			mainGroup = 4BACC0A529B777E60071AB00;
			productRefGroup = 4BACC0AF29B777E60071AB00 /* Products */;
			projectDirPath = "";
			projectRoot = "";
			targets = (
				4BACC0AD29B777E60071AB00 /* CleanArchitectureComposition */,
				4BACC0C629B777E70071AB00 /* CleanArchitectureCompositionTests */,
				4BACC0D029B777E70071AB00 /* CleanArchitectureCompositionUITests */,
			);
		};
/* End PBXProject section */

/* Begin PBXResourcesBuildPhase section */
		4BACC0AC29B777E60071AB00 /* Resources */ = {
			isa = PBXResourcesBuildPhase;
			buildActionMask = 2147483647;
			files = (
				4BACC0C129B777E70071AB00 /* LaunchScreen.storyboard in Resources */,
				4BACC0BE29B777E70071AB00 /* Assets.xcassets in Resources */,
				4BACC0B929B777E60071AB00 /* Main.storyboard in Resources */,
			);
			runOnlyForDeploymentPostprocessing = 0;
		};
		4BACC0C529B777E70071AB00 /* Resources */ = {
			isa = PBXResourcesBuildPhase;
			buildActionMask = 2147483647;
			files = (
			);
			runOnlyForDeploymentPostprocessing = 0;
		};
		4BACC0CF29B777E70071AB00 /* Resources */ = {
			isa = PBXResourcesBuildPhase;
			buildActionMask = 2147483647;
			files = (
			);
			runOnlyForDeploymentPostprocessing = 0;
		};
/* End PBXResourcesBuildPhase section */

/* Begin PBXSourcesBuildPhase section */
		4BACC0AA29B777E60071AB00 /* Sources */ = {
			isa = PBXSourcesBuildPhase;
			buildActionMask = 2147483647;
			files = (
				4BACC0B629B777E60071AB00 /* ViewController.swift in Sources */,
				4BACC0B229B777E60071AB00 /* AppDelegate.swift in Sources */,
				4BACC0ED29B81C970071AB00 /* FirebaseAnalyticsLoginTracker.swift in Sources */,
				4BACC0E929B81B220071AB00 /* LoginPresenter.swift in Sources */,
				4BACC0F529B823D60071AB00 /* LoggingUseCaseFactory.swift in Sources */,
				4BACC0E729B7813F0071AB00 /* User.swift in Sources */,
				4BACC0B429B777E60071AB00 /* SceneDelegate.swift in Sources */,
				4BACC0F129B81E1E0071AB00 /* LoginUseCaseOutputComposer.swift in Sources */,
				4BACC0BC29B777E60071AB00 /* CleanArchitectureComposition.xcdatamodeld in Sources */,
				4BACC0EB29B81C2E0071AB00 /* CrashlyticsLoginTracker.swift in Sources */,
				4BACC0E529B778390071AB00 /* LoginUseCase.swift in Sources */,
			);
			runOnlyForDeploymentPostprocessing = 0;
		};
		4BACC0C329B777E70071AB00 /* Sources */ = {
			isa = PBXSourcesBuildPhase;
			buildActionMask = 2147483647;
			files = (
				4BACC0F329B823C20071AB00 /* LoggingUseCaseFactoryTests.swift in Sources */,
				4BACC0EF29B81DED0071AB00 /* LoginUseCaseOutputComposerTests.swift in Sources */,
				4BACC0CC29B777E70071AB00 /* CleanArchitectureCompositionTests.swift in Sources */,
			);
			runOnlyForDeploymentPostprocessing = 0;
		};
		4BACC0CD29B777E70071AB00 /* Sources */ = {
			isa = PBXSourcesBuildPhase;
			buildActionMask = 2147483647;
			files = (
				4BACC0D829B777E70071AB00 /* CleanArchitectureCompositionUITestsLaunchTests.swift in Sources */,
				4BACC0D629B777E70071AB00 /* CleanArchitectureCompositionUITests.swift in Sources */,
			);
			runOnlyForDeploymentPostprocessing = 0;
		};
/* End PBXSourcesBuildPhase section */

/* Begin PBXTargetDependency section */
		4BACC0C929B777E70071AB00 /* PBXTargetDependency */ = {
			isa = PBXTargetDependency;
			target = 4BACC0AD29B777E60071AB00 /* CleanArchitectureComposition */;
			targetProxy = 4BACC0C829B777E70071AB00 /* PBXContainerItemProxy */;
		};
		4BACC0D329B777E70071AB00 /* PBXTargetDependency */ = {
			isa = PBXTargetDependency;
			target = 4BACC0AD29B777E60071AB00 /* CleanArchitectureComposition */;
			targetProxy = 4BACC0D229B777E70071AB00 /* PBXContainerItemProxy */;
		};
/* End PBXTargetDependency section */

/* Begin PBXVariantGroup section */
		4BACC0B729B777E60071AB00 /* Main.storyboard */ = {
			isa = PBXVariantGroup;
			children = (
				4BACC0B829B777E60071AB00 /* Base */,
			);
			name = Main.storyboard;
			sourceTree = "<group>";
		};
		4BACC0BF29B777E70071AB00 /* LaunchScreen.storyboard */ = {
			isa = PBXVariantGroup;
			children = (
				4BACC0C029B777E70071AB00 /* Base */,
			);
			name = LaunchScreen.storyboard;
			sourceTree = "<group>";
		};
/* End PBXVariantGroup section */

/* Begin XCBuildConfiguration section */
		4BACC0D929B777E70071AB00 /* Debug */ = {
			isa = XCBuildConfiguration;
			buildSettings = {
				ALWAYS_SEARCH_USER_PATHS = NO;
				CLANG_ANALYZER_NONNULL = YES;
				CLANG_ANALYZER_NUMBER_OBJECT_CONVERSION = YES_AGGRESSIVE;
				CLANG_CXX_LANGUAGE_STANDARD = "gnu++20";
				CLANG_ENABLE_MODULES = YES;
				CLANG_ENABLE_OBJC_ARC = YES;
				CLANG_ENABLE_OBJC_WEAK = YES;
				CLANG_WARN_BLOCK_CAPTURE_AUTORELEASING = YES;
				CLANG_WARN_BOOL_CONVERSION = YES;
				CLANG_WARN_COMMA = YES;
				CLANG_WARN_CONSTANT_CONVERSION = YES;
				CLANG_WARN_DEPRECATED_OBJC_IMPLEMENTATIONS = YES;
				CLANG_WARN_DIRECT_OBJC_ISA_USAGE = YES_ERROR;
				CLANG_WARN_DOCUMENTATION_COMMENTS = YES;
				CLANG_WARN_EMPTY_BODY = YES;
				CLANG_WARN_ENUM_CONVERSION = YES;
				CLANG_WARN_INFINITE_RECURSION = YES;
				CLANG_WARN_INT_CONVERSION = YES;
				CLANG_WARN_NON_LITERAL_NULL_CONVERSION = YES;
				CLANG_WARN_OBJC_IMPLICIT_RETAIN_SELF = YES;
				CLANG_WARN_OBJC_LITERAL_CONVERSION = YES;
				CLANG_WARN_OBJC_ROOT_CLASS = YES_ERROR;
				CLANG_WARN_QUOTED_INCLUDE_IN_FRAMEWORK_HEADER = YES;
				CLANG_WARN_RANGE_LOOP_ANALYSIS = YES;
				CLANG_WARN_STRICT_PROTOTYPES = YES;
				CLANG_WARN_SUSPICIOUS_MOVE = YES;
				CLANG_WARN_UNGUARDED_AVAILABILITY = YES_AGGRESSIVE;
				CLANG_WARN_UNREACHABLE_CODE = YES;
				CLANG_WARN__DUPLICATE_METHOD_MATCH = YES;
				COPY_PHASE_STRIP = NO;
				DEBUG_INFORMATION_FORMAT = dwarf;
				ENABLE_STRICT_OBJC_MSGSEND = YES;
				ENABLE_TESTABILITY = YES;
				GCC_C_LANGUAGE_STANDARD = gnu11;
				GCC_DYNAMIC_NO_PIC = NO;
				GCC_NO_COMMON_BLOCKS = YES;
				GCC_OPTIMIZATION_LEVEL = 0;
				GCC_PREPROCESSOR_DEFINITIONS = (
					"DEBUG=1",
					"$(inherited)",
				);
				GCC_WARN_64_TO_32_BIT_CONVERSION = YES;
				GCC_WARN_ABOUT_RETURN_TYPE = YES_ERROR;
				GCC_WARN_UNDECLARED_SELECTOR = YES;
				GCC_WARN_UNINITIALIZED_AUTOS = YES_AGGRESSIVE;
				GCC_WARN_UNUSED_FUNCTION = YES;
				GCC_WARN_UNUSED_VARIABLE = YES;
				IPHONEOS_DEPLOYMENT_TARGET = 16.2;
				MTL_ENABLE_DEBUG_INFO = INCLUDE_SOURCE;
				MTL_FAST_MATH = YES;
				ONLY_ACTIVE_ARCH = YES;
				SDKROOT = iphoneos;
				SWIFT_ACTIVE_COMPILATION_CONDITIONS = DEBUG;
				SWIFT_OPTIMIZATION_LEVEL = "-Onone";
			};
			name = Debug;
		};
		4BACC0DA29B777E70071AB00 /* Release */ = {
			isa = XCBuildConfiguration;
			buildSettings = {
				ALWAYS_SEARCH_USER_PATHS = NO;
				CLANG_ANALYZER_NONNULL = YES;
				CLANG_ANALYZER_NUMBER_OBJECT_CONVERSION = YES_AGGRESSIVE;
				CLANG_CXX_LANGUAGE_STANDARD = "gnu++20";
				CLANG_ENABLE_MODULES = YES;
				CLANG_ENABLE_OBJC_ARC = YES;
				CLANG_ENABLE_OBJC_WEAK = YES;
				CLANG_WARN_BLOCK_CAPTURE_AUTORELEASING = YES;
				CLANG_WARN_BOOL_CONVERSION = YES;
				CLANG_WARN_COMMA = YES;
				CLANG_WARN_CONSTANT_CONVERSION = YES;
				CLANG_WARN_DEPRECATED_OBJC_IMPLEMENTATIONS = YES;
				CLANG_WARN_DIRECT_OBJC_ISA_USAGE = YES_ERROR;
				CLANG_WARN_DOCUMENTATION_COMMENTS = YES;
				CLANG_WARN_EMPTY_BODY = YES;
				CLANG_WARN_ENUM_CONVERSION = YES;
				CLANG_WARN_INFINITE_RECURSION = YES;
				CLANG_WARN_INT_CONVERSION = YES;
				CLANG_WARN_NON_LITERAL_NULL_CONVERSION = YES;
				CLANG_WARN_OBJC_IMPLICIT_RETAIN_SELF = YES;
				CLANG_WARN_OBJC_LITERAL_CONVERSION = YES;
				CLANG_WARN_OBJC_ROOT_CLASS = YES_ERROR;
				CLANG_WARN_QUOTED_INCLUDE_IN_FRAMEWORK_HEADER = YES;
				CLANG_WARN_RANGE_LOOP_ANALYSIS = YES;
				CLANG_WARN_STRICT_PROTOTYPES = YES;
				CLANG_WARN_SUSPICIOUS_MOVE = YES;
				CLANG_WARN_UNGUARDED_AVAILABILITY = YES_AGGRESSIVE;
				CLANG_WARN_UNREACHABLE_CODE = YES;
				CLANG_WARN__DUPLICATE_METHOD_MATCH = YES;
				COPY_PHASE_STRIP = NO;
				DEBUG_INFORMATION_FORMAT = "dwarf-with-dsym";
				ENABLE_NS_ASSERTIONS = NO;
				ENABLE_STRICT_OBJC_MSGSEND = YES;
				GCC_C_LANGUAGE_STANDARD = gnu11;
				GCC_NO_COMMON_BLOCKS = YES;
				GCC_WARN_64_TO_32_BIT_CONVERSION = YES;
				GCC_WARN_ABOUT_RETURN_TYPE = YES_ERROR;
				GCC_WARN_UNDECLARED_SELECTOR = YES;
				GCC_WARN_UNINITIALIZED_AUTOS = YES_AGGRESSIVE;
				GCC_WARN_UNUSED_FUNCTION = YES;
				GCC_WARN_UNUSED_VARIABLE = YES;
				IPHONEOS_DEPLOYMENT_TARGET = 16.2;
				MTL_ENABLE_DEBUG_INFO = NO;
				MTL_FAST_MATH = YES;
				SDKROOT = iphoneos;
				SWIFT_COMPILATION_MODE = wholemodule;
				SWIFT_OPTIMIZATION_LEVEL = "-O";
				VALIDATE_PRODUCT = YES;
			};
			name = Release;
		};
		4BACC0DC29B777E70071AB00 /* Debug */ = {
			isa = XCBuildConfiguration;
			buildSettings = {
				ASSETCATALOG_COMPILER_APPICON_NAME = AppIcon;
				ASSETCATALOG_COMPILER_GLOBAL_ACCENT_COLOR_NAME = AccentColor;
				CODE_SIGN_STYLE = Automatic;
				CURRENT_PROJECT_VERSION = 1;
				DEVELOPMENT_TEAM = UEQ95NQCUE;
				GENERATE_INFOPLIST_FILE = YES;
				INFOPLIST_FILE = CleanArchitectureComposition/Info.plist;
				INFOPLIST_KEY_UIApplicationSupportsIndirectInputEvents = YES;
				INFOPLIST_KEY_UILaunchStoryboardName = LaunchScreen;
				INFOPLIST_KEY_UIMainStoryboardFile = Main;
				INFOPLIST_KEY_UISupportedInterfaceOrientations_iPad = "UIInterfaceOrientationPortrait UIInterfaceOrientationPortraitUpsideDown UIInterfaceOrientationLandscapeLeft UIInterfaceOrientationLandscapeRight";
				INFOPLIST_KEY_UISupportedInterfaceOrientations_iPhone = "UIInterfaceOrientationPortrait UIInterfaceOrientationLandscapeLeft UIInterfaceOrientationLandscapeRight";
				LD_RUNPATH_SEARCH_PATHS = (
					"$(inherited)",
					"@executable_path/Frameworks",
				);
				MARKETING_VERSION = 1.0;
				PRODUCT_BUNDLE_IDENTIFIER = com.gopal.dev.CleanArchitectureComposition;
				PRODUCT_NAME = "$(TARGET_NAME)";
				SWIFT_EMIT_LOC_STRINGS = YES;
				SWIFT_VERSION = 5.0;
				TARGETED_DEVICE_FAMILY = "1,2";
			};
			name = Debug;
		};
		4BACC0DD29B777E70071AB00 /* Release */ = {
			isa = XCBuildConfiguration;
			buildSettings = {
				ASSETCATALOG_COMPILER_APPICON_NAME = AppIcon;
				ASSETCATALOG_COMPILER_GLOBAL_ACCENT_COLOR_NAME = AccentColor;
				CODE_SIGN_STYLE = Automatic;
				CURRENT_PROJECT_VERSION = 1;
				DEVELOPMENT_TEAM = UEQ95NQCUE;
				GENERATE_INFOPLIST_FILE = YES;
				INFOPLIST_FILE = CleanArchitectureComposition/Info.plist;
				INFOPLIST_KEY_UIApplicationSupportsIndirectInputEvents = YES;
				INFOPLIST_KEY_UILaunchStoryboardName = LaunchScreen;
				INFOPLIST_KEY_UIMainStoryboardFile = Main;
				INFOPLIST_KEY_UISupportedInterfaceOrientations_iPad = "UIInterfaceOrientationPortrait UIInterfaceOrientationPortraitUpsideDown UIInterfaceOrientationLandscapeLeft UIInterfaceOrientationLandscapeRight";
				INFOPLIST_KEY_UISupportedInterfaceOrientations_iPhone = "UIInterfaceOrientationPortrait UIInterfaceOrientationLandscapeLeft UIInterfaceOrientationLandscapeRight";
				LD_RUNPATH_SEARCH_PATHS = (
					"$(inherited)",
					"@executable_path/Frameworks",
				);
				MARKETING_VERSION = 1.0;
				PRODUCT_BUNDLE_IDENTIFIER = com.gopal.dev.CleanArchitectureComposition;
				PRODUCT_NAME = "$(TARGET_NAME)";
				SWIFT_EMIT_LOC_STRINGS = YES;
				SWIFT_VERSION = 5.0;
				TARGETED_DEVICE_FAMILY = "1,2";
			};
			name = Release;
		};
		4BACC0DF29B777E70071AB00 /* Debug */ = {
			isa = XCBuildConfiguration;
			buildSettings = {
				ALWAYS_EMBED_SWIFT_STANDARD_LIBRARIES = YES;
				BUNDLE_LOADER = "$(TEST_HOST)";
				CODE_SIGN_STYLE = Automatic;
				CURRENT_PROJECT_VERSION = 1;
				DEVELOPMENT_TEAM = UEQ95NQCUE;
				GENERATE_INFOPLIST_FILE = YES;
				IPHONEOS_DEPLOYMENT_TARGET = 16.2;
				MARKETING_VERSION = 1.0;
				PRODUCT_BUNDLE_IDENTIFIER = com.gopal.dev.CleanArchitectureCompositionTests;
				PRODUCT_NAME = "$(TARGET_NAME)";
				SWIFT_EMIT_LOC_STRINGS = NO;
				SWIFT_VERSION = 5.0;
				TARGETED_DEVICE_FAMILY = "1,2";
				TEST_HOST = "$(BUILT_PRODUCTS_DIR)/CleanArchitectureComposition.app/$(BUNDLE_EXECUTABLE_FOLDER_PATH)/CleanArchitectureComposition";
			};
			name = Debug;
		};
		4BACC0E029B777E70071AB00 /* Release */ = {
			isa = XCBuildConfiguration;
			buildSettings = {
				ALWAYS_EMBED_SWIFT_STANDARD_LIBRARIES = YES;
				BUNDLE_LOADER = "$(TEST_HOST)";
				CODE_SIGN_STYLE = Automatic;
				CURRENT_PROJECT_VERSION = 1;
				DEVELOPMENT_TEAM = UEQ95NQCUE;
				GENERATE_INFOPLIST_FILE = YES;
				IPHONEOS_DEPLOYMENT_TARGET = 16.2;
				MARKETING_VERSION = 1.0;
				PRODUCT_BUNDLE_IDENTIFIER = com.gopal.dev.CleanArchitectureCompositionTests;
				PRODUCT_NAME = "$(TARGET_NAME)";
				SWIFT_EMIT_LOC_STRINGS = NO;
				SWIFT_VERSION = 5.0;
				TARGETED_DEVICE_FAMILY = "1,2";
				TEST_HOST = "$(BUILT_PRODUCTS_DIR)/CleanArchitectureComposition.app/$(BUNDLE_EXECUTABLE_FOLDER_PATH)/CleanArchitectureComposition";
			};
			name = Release;
		};
		4BACC0E229B777E70071AB00 /* Debug */ = {
			isa = XCBuildConfiguration;
			buildSettings = {
				ALWAYS_EMBED_SWIFT_STANDARD_LIBRARIES = YES;
				CODE_SIGN_STYLE = Automatic;
				CURRENT_PROJECT_VERSION = 1;
				DEVELOPMENT_TEAM = UEQ95NQCUE;
				GENERATE_INFOPLIST_FILE = YES;
				MARKETING_VERSION = 1.0;
				PRODUCT_BUNDLE_IDENTIFIER = com.gopal.dev.CleanArchitectureCompositionUITests;
				PRODUCT_NAME = "$(TARGET_NAME)";
				SWIFT_EMIT_LOC_STRINGS = NO;
				SWIFT_VERSION = 5.0;
				TARGETED_DEVICE_FAMILY = "1,2";
				TEST_TARGET_NAME = CleanArchitectureComposition;
			};
			name = Debug;
		};
		4BACC0E329B777E70071AB00 /* Release */ = {
			isa = XCBuildConfiguration;
			buildSettings = {
				ALWAYS_EMBED_SWIFT_STANDARD_LIBRARIES = YES;
				CODE_SIGN_STYLE = Automatic;
				CURRENT_PROJECT_VERSION = 1;
				DEVELOPMENT_TEAM = UEQ95NQCUE;
				GENERATE_INFOPLIST_FILE = YES;
				MARKETING_VERSION = 1.0;
				PRODUCT_BUNDLE_IDENTIFIER = com.gopal.dev.CleanArchitectureCompositionUITests;
				PRODUCT_NAME = "$(TARGET_NAME)";
				SWIFT_EMIT_LOC_STRINGS = NO;
				SWIFT_VERSION = 5.0;
				TARGETED_DEVICE_FAMILY = "1,2";
				TEST_TARGET_NAME = CleanArchitectureComposition;
			};
			name = Release;
		};
/* End XCBuildConfiguration section */

/* Begin XCConfigurationList section */
		4BACC0A929B777E60071AB00 /* Build configuration list for PBXProject "CleanArchitectureComposition" */ = {
			isa = XCConfigurationList;
			buildConfigurations = (
				4BACC0D929B777E70071AB00 /* Debug */,
				4BACC0DA29B777E70071AB00 /* Release */,
			);
			defaultConfigurationIsVisible = 0;
			defaultConfigurationName = Release;
		};
		4BACC0DB29B777E70071AB00 /* Build configuration list for PBXNativeTarget "CleanArchitectureComposition" */ = {
			isa = XCConfigurationList;
			buildConfigurations = (
				4BACC0DC29B777E70071AB00 /* Debug */,
				4BACC0DD29B777E70071AB00 /* Release */,
			);
			defaultConfigurationIsVisible = 0;
			defaultConfigurationName = Release;
		};
		4BACC0DE29B777E70071AB00 /* Build configuration list for PBXNativeTarget "CleanArchitectureCompositionTests" */ = {
			isa = XCConfigurationList;
			buildConfigurations = (
				4BACC0DF29B777E70071AB00 /* Debug */,
				4BACC0E029B777E70071AB00 /* Release */,
			);
			defaultConfigurationIsVisible = 0;
			defaultConfigurationName = Release;
		};
		4BACC0E129B777E70071AB00 /* Build configuration list for PBXNativeTarget "CleanArchitectureCompositionUITests" */ = {
			isa = XCConfigurationList;
			buildConfigurations = (
				4BACC0E229B777E70071AB00 /* Debug */,
				4BACC0E329B777E70071AB00 /* Release */,
			);
			defaultConfigurationIsVisible = 0;
			defaultConfigurationName = Release;
		};
/* End XCConfigurationList section */

/* Begin XCVersionGroup section */
		4BACC0BA29B777E60071AB00 /* CleanArchitectureComposition.xcdatamodeld */ = {
			isa = XCVersionGroup;
			children = (
				4BACC0BB29B777E60071AB00 /* CleanArchitectureComposition.xcdatamodel */,
			);
			currentVersion = 4BACC0BB29B777E60071AB00 /* CleanArchitectureComposition.xcdatamodel */;
			path = CleanArchitectureComposition.xcdatamodeld;
			sourceTree = "<group>";
			versionGroupType = wrapper.xcdatamodel;
		};
/* End XCVersionGroup section */
	};
	rootObject = 4BACC0A629B777E60071AB00 /* Project object */;
}
